
Microsoft Visual Studio Solution File, Format Version 12.00
# Visual Studio Version 17
VisualStudioVersion = 17.4.33213.308
MinimumVisualStudioVersion = 10.0.40219.1
Project("{FAE04EC0-301F-11D3-BF4B-00C04F79EFBC}") = "AeroDynamicCalculator", "AeroDynamicCalculator\AeroDynamicCalculator.csproj", "{17848EA1-9D24-4C28-8112-BBD487A8952E}"
EndProject
Global
	GlobalSection(SolutionConfigurationPlatforms) = preSolution
		Debug|Any CPU = Debug|Any CPU
		Release|Any CPU = Release|Any CPU
	EndGlobalSection
	GlobalSection(ProjectConfigurationPlatforms) = postSolution
		{17848EA1-9D24-4C28-8112-BBD487A8952E}.Debug|Any CPU.ActiveCfg = Debug|Any CPU
		{17848EA1-9D24-4C28-8112-BBD487A8952E}.Debug|Any CPU.Build.0 = Debug|Any CPU
		{17848EA1-9D24-4C28-8112-BBD487A8952E}.Release|Any CPU.ActiveCfg = Release|Any CPU
		{17848EA1-9D24-4C28-8112-BBD487A8952E}.Release|Any CPU.Build.0 = Release|Any CPU
	EndGlobalSection
	GlobalSection(SolutionProperties) = preSolution
		HideSolutionNode = FALSE
	EndGlobalSection
	GlobalSection(ExtensibilityGlobals) = postSolution
		SolutionGuid = {30C9835B-E35A-4A2C-BD21-9EEE081C60EC}
	EndGlobalSection
EndGlobal
